// !$*UTF8*$!
{
	archiveVersion = 1;
	classes = {
	};
	objectVersion = 77;
	objects = {

/* Begin PBXContainerItemProxy section */
		B3020CB42E7331CC007F4FDA /* PBXContainerItemProxy */ = {
			isa = PBXContainerItemProxy;
			containerPortal = B3020C9D2E7331CB007F4FDA /* Project object */;
			proxyType = 1;
			remoteGlobalIDString = B3020CA42E7331CB007F4FDA;
			remoteInfo = PingBar;
		};
		B3020CBE2E7331CC007F4FDA /* PBXContainerItemProxy */ = {
			isa = PBXContainerItemProxy;
			containerPortal = B3020C9D2E7331CB007F4FDA /* Project object */;
			proxyType = 1;
			remoteGlobalIDString = B3020CA42E7331CB007F4FDA;
			remoteInfo = PingBar;
		};
/* End PBXContainerItemProxy section */

/* Begin PBXFileReference section */
		B3020CA52E7331CB007F4FDA /* PingBar.app */ = {isa = PBXFileReference; explicitFileType = wrapper.application; includeInIndex = 0; path = PingBar.app; sourceTree = BUILT_PRODUCTS_DIR; };
		B3020CB32E7331CC007F4FDA /* PingBarTests.xctest */ = {isa = PBXFileReference; explicitFileType = wrapper.cfbundle; includeInIndex = 0; path = PingBarTests.xctest; sourceTree = BUILT_PRODUCTS_DIR; };
		B3020CBD2E7331CC007F4FDA /* PingBarUITests.xctest */ = {isa = PBXFileReference; explicitFileType = wrapper.cfbundle; includeInIndex = 0; path = PingBarUITests.xctest; sourceTree = BUILT_PRODUCTS_DIR; };
/* End PBXFileReference section */

/* Begin PBXFileSystemSynchronizedRootGroup section */
		B3020CA72E7331CB007F4FDA /* PingBar */ = {
			isa = PBXFileSystemSynchronizedRootGroup;
			path = PingBar;
			sourceTree = "<group>";
		};
		B3020CB62E7331CC007F4FDA /* PingBarTests */ = {
			isa = PBXFileSystemSynchronizedRootGroup;
			path = PingBarTests;
			sourceTree = "<group>";
		};
		B3020CC02E7331CC007F4FDA /* PingBarUITests */ = {
			isa = PBXFileSystemSynchronizedRootGroup;
			path = PingBarUITests;
			sourceTree = "<group>";
		};
/* End PBXFileSystemSynchronizedRootGroup section */

/* Begin PBXFrameworksBuildPhase section */
		B3020CA22E7331CB007F4FDA /* Frameworks */ = {
			isa = PBXFrameworksBuildPhase;
			buildActionMask = 2147483647;
			files = (
			);
			runOnlyForDeploymentPostprocessing = 0;
		};
		B3020CB02E7331CC007F4FDA /* Frameworks */ = {
			isa = PBXFrameworksBuildPhase;
			buildActionMask = 2147483647;
			files = (
			);
			runOnlyForDeploymentPostprocessing = 0;
		};
		B3020CBA2E7331CC007F4FDA /* Frameworks */ = {
			isa = PBXFrameworksBuildPhase;
			buildActionMask = 2147483647;
			files = (
			);
			runOnlyForDeploymentPostprocessing = 0;
		};
/* End PBXFrameworksBuildPhase section */

/* Begin PBXGroup section */
		B3020C9C2E7331CB007F4FDA = {
			isa = PBXGroup;
			children = (
				B3020CA72E7331CB007F4FDA /* PingBar */,
				B3020CB62E7331CC007F4FDA /* PingBarTests */,
				B3020CC02E7331CC007F4FDA /* PingBarUITests */,
				B3020CA62E7331CB007F4FDA /* Products */,
			);
			sourceTree = "<group>";
		};
		B3020CA62E7331CB007F4FDA /* Products */ = {
			isa = PBXGroup;
			children = (
				B3020CA52E7331CB007F4FDA /* PingBar.app */,
				B3020CB32E7331CC007F4FDA /* PingBarTests.xctest */,
				B3020CBD2E7331CC007F4FDA /* PingBarUITests.xctest */,
			);
			name = Products;
			sourceTree = "<group>";
		};
/* End PBXGroup section */

/* Begin PBXNativeTarget section */
		B3020CA42E7331CB007F4FDA /* PingBar */ = {
			isa = PBXNativeTarget;
			buildConfigurationList = B3020CC72E7331CC007F4FDA /* Build configuration list for PBXNativeTarget "PingBar" */;
			buildPhases = (
				B3020CA12E7331CB007F4FDA /* Sources */,
				B3020CA22E7331CB007F4FDA /* Frameworks */,
				B3020CA32E7331CB007F4FDA /* Resources */,
			);
			buildRules = (
			);
			dependencies = (
			);
			fileSystemSynchronizedGroups = (
				B3020CA72E7331CB007F4FDA /* PingBar */,
			);
			name = PingBar;
			packageProductDependencies = (
			);
			productName = PingBar;
			productReference = B3020CA52E7331CB007F4FDA /* PingBar.app */;
			productType = "com.apple.product-type.application";
		};
		B3020CB22E7331CC007F4FDA /* PingBarTests */ = {
			isa = PBXNativeTarget;
			buildConfigurationList = B3020CCA2E7331CC007F4FDA /* Build configuration list for PBXNativeTarget "PingBarTests" */;
			buildPhases = (
				B3020CAF2E7331CC007F4FDA /* Sources */,
				B3020CB02E7331CC007F4FDA /* Frameworks */,
				B3020CB12E7331CC007F4FDA /* Resources */,
			);
			buildRules = (
			);
			dependencies = (
				B3020CB52E7331CC007F4FDA /* PBXTargetDependency */,
			);
			fileSystemSynchronizedGroups = (
				B3020CB62E7331CC007F4FDA /* PingBarTests */,
			);
			name = PingBarTests;
			packageProductDependencies = (
			);
			productName = PingBarTests;
			productReference = B3020CB32E7331CC007F4FDA /* PingBarTests.xctest */;
			productType = "com.apple.product-type.bundle.unit-test";
		};
		B3020CBC2E7331CC007F4FDA /* PingBarUITests */ = {
			isa = PBXNativeTarget;
			buildConfigurationList = B3020CCD2E7331CC007F4FDA /* Build configuration list for PBXNativeTarget "PingBarUITests" */;
			buildPhases = (
				B3020CB92E7331CC007F4FDA /* Sources */,
				B3020CBA2E7331CC007F4FDA /* Frameworks */,
				B3020CBB2E7331CC007F4FDA /* Resources */,
			);
			buildRules = (
			);
			dependencies = (
				B3020CBF2E7331CC007F4FDA /* PBXTargetDependency */,
			);
			fileSystemSynchronizedGroups = (
				B3020CC02E7331CC007F4FDA /* PingBarUITests */,
			);
			name = PingBarUITests;
			packageProductDependencies = (
			);
			productName = PingBarUITests;
			productReference = B3020CBD2E7331CC007F4FDA /* PingBarUITests.xctest */;
			productType = "com.apple.product-type.bundle.ui-testing";
		};
/* End PBXNativeTarget section */

/* Begin PBXProject section */
		B3020C9D2E7331CB007F4FDA /* Project object */ = {
			isa = PBXProject;
			attributes = {
				BuildIndependentTargetsInParallel = 1;
				LastSwiftUpdateCheck = 1640;
				LastUpgradeCheck = 1640;
				TargetAttributes = {
					B3020CA42E7331CB007F4FDA = {
						CreatedOnToolsVersion = 16.4;
					};
					B3020CB22E7331CC007F4FDA = {
						CreatedOnToolsVersion = 16.4;
						TestTargetID = B3020CA42E7331CB007F4FDA;
					};
					B3020CBC2E7331CC007F4FDA = {
						CreatedOnToolsVersion = 16.4;
						TestTargetID = B3020CA42E7331CB007F4FDA;
					};
				};
			};
			buildConfigurationList = B3020CA02E7331CB007F4FDA /* Build configuration list for PBXProject "PingBar" */;
			developmentRegion = en;
			hasScannedForEncodings = 0;
			knownRegions = (
				en,
				Base,
			);
			mainGroup = B3020C9C2E7331CB007F4FDA;
			minimizedProjectReferenceProxies = 1;
			preferredProjectObjectVersion = 77;
			productRefGroup = B3020CA62E7331CB007F4FDA /* Products */;
			projectDirPath = "";
			projectRoot = "";
			targets = (
				B3020CA42E7331CB007F4FDA /* PingBar */,
				B3020CB22E7331CC007F4FDA /* PingBarTests */,
				B3020CBC2E7331CC007F4FDA /* PingBarUITests */,
			);
		};
/* End PBXProject section */

/* Begin PBXResourcesBuildPhase section */
		B3020CA32E7331CB007F4FDA /* Resources */ = {
			isa = PBXResourcesBuildPhase;
			buildActionMask = 2147483647;
			files = (
			);
			runOnlyForDeploymentPostprocessing = 0;
		};
		B3020CB12E7331CC007F4FDA /* Resources */ = {
			isa = PBXResourcesBuildPhase;
			buildActionMask = 2147483647;
			files = (
			);
			runOnlyForDeploymentPostprocessing = 0;
		};
		B3020CBB2E7331CC007F4FDA /* Resources */ = {
			isa = PBXResourcesBuildPhase;
			buildActionMask = 2147483647;
			files = (
			);
			runOnlyForDeploymentPostprocessing = 0;
		};
/* End PBXResourcesBuildPhase section */

/* Begin PBXSourcesBuildPhase section */
		B3020CA12E7331CB007F4FDA /* Sources */ = {
			isa = PBXSourcesBuildPhase;
			buildActionMask = 2147483647;
			files = (
			);
			runOnlyForDeploymentPostprocessing = 0;
		};
		B3020CAF2E7331CC007F4FDA /* Sources */ = {
			isa = PBXSourcesBuildPhase;
			buildActionMask = 2147483647;
			files = (
			);
			runOnlyForDeploymentPostprocessing = 0;
		};
		B3020CB92E7331CC007F4FDA /* Sources */ = {
			isa = PBXSourcesBuildPhase;
			buildActionMask = 2147483647;
			files = (
			);
			runOnlyForDeploymentPostprocessing = 0;
		};
/* End PBXSourcesBuildPhase section */

/* Begin PBXTargetDependency section */
		B3020CB52E7331CC007F4FDA /* PBXTargetDependency */ = {
			isa = PBXTargetDependency;
			target = B3020CA42E7331CB007F4FDA /* PingBar */;
			targetProxy = B3020CB42E7331CC007F4FDA /* PBXContainerItemProxy */;
		};
		B3020CBF2E7331CC007F4FDA /* PBXTargetDependency */ = {
			isa = PBXTargetDependency;
			target = B3020CA42E7331CB007F4FDA /* PingBar */;
			targetProxy = B3020CBE2E7331CC007F4FDA /* PBXContainerItemProxy */;
		};
/* End PBXTargetDependency section */

/* Begin XCBuildConfiguration section */
		B3020CC52E7331CC007F4FDA /* Debug */ = {
			isa = XCBuildConfiguration;
			buildSettings = {
				ALWAYS_SEARCH_USER_PATHS = NO;
				ASSETCATALOG_COMPILER_GENERATE_SWIFT_ASSET_SYMBOL_EXTENSIONS = YES;
				CLANG_ANALYZER_NONNULL = YES;
				CLANG_ANALYZER_NUMBER_OBJECT_CONVERSION = YES_AGGRESSIVE;
				CLANG_CXX_LANGUAGE_STANDARD = "gnu++20";
				CLANG_ENABLE_MODULES = YES;
				CLANG_ENABLE_OBJC_ARC = YES;
				CLANG_ENABLE_OBJC_WEAK = YES;
				CLANG_WARN_BLOCK_CAPTURE_AUTORELEASING = YES;
				CLANG_WARN_BOOL_CONVERSION = YES;
				CLANG_WARN_COMMA = YES;
				CLANG_WARN_CONSTANT_CONVERSION = YES;
				CLANG_WARN_DEPRECATED_OBJC_IMPLEMENTATIONS = YES;
				CLANG_WARN_DIRECT_OBJC_ISA_USAGE = YES_ERROR;
				CLANG_WARN_DOCUMENTATION_COMMENTS = YES;
				CLANG_WARN_EMPTY_BODY = YES;
				CLANG_WARN_ENUM_CONVERSION = YES;
				CLANG_WARN_INFINITE_RECURSION = YES;
				CLANG_WARN_INT_CONVERSION = YES;
				CLANG_WARN_NON_LITERAL_NULL_CONVERSION = YES;
				CLANG_WARN_OBJC_IMPLICIT_RETAIN_SELF = YES;
				CLANG_WARN_OBJC_LITERAL_CONVERSION = YES;
				CLANG_WARN_OBJC_ROOT_CLASS = YES_ERROR;
				CLANG_WARN_QUOTED_INCLUDE_IN_FRAMEWORK_HEADER = YES;
				CLANG_WARN_RANGE_LOOP_ANALYSIS = YES;
				CLANG_WARN_STRICT_PROTOTYPES = YES;
				CLANG_WARN_SUSPICIOUS_MOVE = YES;
				CLANG_WARN_UNGUARDED_AVAILABILITY = YES_AGGRESSIVE;
				CLANG_WARN_UNREACHABLE_CODE = YES;
				CLANG_WARN__DUPLICATE_METHOD_MATCH = YES;
				COPY_PHASE_STRIP = NO;
				DEBUG_INFORMATION_FORMAT = dwarf;
				ENABLE_STRICT_OBJC_MSGSEND = YES;
				ENABLE_TESTABILITY = YES;
				ENABLE_USER_SCRIPT_SANDBOXING = YES;
				GCC_C_LANGUAGE_STANDARD = gnu17;
				GCC_DYNAMIC_NO_PIC = NO;
				GCC_NO_COMMON_BLOCKS = YES;
				GCC_OPTIMIZATION_LEVEL = 0;
				GCC_PREPROCESSOR_DEFINITIONS = (
					"DEBUG=1",
					"$(inherited)",
				);
				GCC_WARN_64_TO_32_BIT_CONVERSION = YES;
				GCC_WARN_ABOUT_RETURN_TYPE = YES_ERROR;
				GCC_WARN_UNDECLARED_SELECTOR = YES;
				GCC_WARN_UNINITIALIZED_AUTOS = YES_AGGRESSIVE;
				GCC_WARN_UNUSED_FUNCTION = YES;
				GCC_WARN_UNUSED_VARIABLE = YES;
				LOCALIZATION_PREFERS_STRING_CATALOGS = YES;
				MACOSX_DEPLOYMENT_TARGET = 15.4;
				MTL_ENABLE_DEBUG_INFO = INCLUDE_SOURCE;
				MTL_FAST_MATH = YES;
				ONLY_ACTIVE_ARCH = YES;
				SDKROOT = macosx;
				SWIFT_ACTIVE_COMPILATION_CONDITIONS = "DEBUG $(inherited)";
				SWIFT_OPTIMIZATION_LEVEL = "-Onone";
			};
			name = Debug;
		};
		B3020CC62E7331CC007F4FDA /* Release */ = {
			isa = XCBuildConfiguration;
			buildSettings = {
				ALWAYS_SEARCH_USER_PATHS = NO;
				ASSETCATALOG_COMPILER_GENERATE_SWIFT_ASSET_SYMBOL_EXTENSIONS = YES;
				CLANG_ANALYZER_NONNULL = YES;
				CLANG_ANALYZER_NUMBER_OBJECT_CONVERSION = YES_AGGRESSIVE;
				CLANG_CXX_LANGUAGE_STANDARD = "gnu++20";
				CLANG_ENABLE_MODULES = YES;
				CLANG_ENABLE_OBJC_ARC = YES;
				CLANG_ENABLE_OBJC_WEAK = YES;
				CLANG_WARN_BLOCK_CAPTURE_AUTORELEASING = YES;
				CLANG_WARN_BOOL_CONVERSION = YES;
				CLANG_WARN_COMMA = YES;
				CLANG_WARN_CONSTANT_CONVERSION = YES;
				CLANG_WARN_DEPRECATED_OBJC_IMPLEMENTATIONS = YES;
				CLANG_WARN_DIRECT_OBJC_ISA_USAGE = YES_ERROR;
				CLANG_WARN_DOCUMENTATION_COMMENTS = YES;
				CLANG_WARN_EMPTY_BODY = YES;
				CLANG_WARN_ENUM_CONVERSION = YES;
				CLANG_WARN_INFINITE_RECURSION = YES;
				CLANG_WARN_INT_CONVERSION = YES;
				CLANG_WARN_NON_LITERAL_NULL_CONVERSION = YES;
				CLANG_WARN_OBJC_IMPLICIT_RETAIN_SELF = YES;
				CLANG_WARN_OBJC_LITERAL_CONVERSION = YES;
				CLANG_WARN_OBJC_ROOT_CLASS = YES_ERROR;
				CLANG_WARN_QUOTED_INCLUDE_IN_FRAMEWORK_HEADER = YES;
				CLANG_WARN_RANGE_LOOP_ANALYSIS = YES;
				CLANG_WARN_STRICT_PROTOTYPES = YES;
				CLANG_WARN_SUSPICIOUS_MOVE = YES;
				CLANG_WARN_UNGUARDED_AVAILABILITY = YES_AGGRESSIVE;
				CLANG_WARN_UNREACHABLE_CODE = YES;
				CLANG_WARN__DUPLICATE_METHOD_MATCH = YES;
				COPY_PHASE_STRIP = NO;
				DEBUG_INFORMATION_FORMAT = "dwarf-with-dsym";
				ENABLE_NS_ASSERTIONS = NO;
				ENABLE_STRICT_OBJC_MSGSEND = YES;
				ENABLE_USER_SCRIPT_SANDBOXING = YES;
				GCC_C_LANGUAGE_STANDARD = gnu17;
				GCC_NO_COMMON_BLOCKS = YES;
				GCC_WARN_64_TO_32_BIT_CONVERSION = YES;
				GCC_WARN_ABOUT_RETURN_TYPE = YES_ERROR;
				GCC_WARN_UNDECLARED_SELECTOR = YES;
				GCC_WARN_UNINITIALIZED_AUTOS = YES_AGGRESSIVE;
				GCC_WARN_UNUSED_FUNCTION = YES;
				GCC_WARN_UNUSED_VARIABLE = YES;
				LOCALIZATION_PREFERS_STRING_CATALOGS = YES;
				MACOSX_DEPLOYMENT_TARGET = 15.4;
				MTL_ENABLE_DEBUG_INFO = NO;
				MTL_FAST_MATH = YES;
				SDKROOT = macosx;
				SWIFT_COMPILATION_MODE = wholemodule;
			};
			name = Release;
		};
		B3020CC82E7331CC007F4FDA /* Debug */ = {
			isa = XCBuildConfiguration;
			buildSettings = {
				ASSETCATALOG_COMPILER_APPICON_NAME = AppIcon;
				ASSETCATALOG_COMPILER_GLOBAL_ACCENT_COLOR_NAME = AccentColor;
				CODE_SIGN_ENTITLEMENTS = PingBar/PingBar.entitlements;
				CODE_SIGN_STYLE = Automatic;
				COMBINE_HIDPI_IMAGES = YES;
				CURRENT_PROJECT_VERSION = 1;
				ENABLE_PREVIEWS = YES;
				GENERATE_INFOPLIST_FILE = YES;
				INFOPLIST_FILE = PingBar/Info.plist;
				INFOPLIST_KEY_CFBundleDisplayName = PingBar;
				INFOPLIST_KEY_LSApplicationCategoryType = "public.app-category.utilities";
				INFOPLIST_KEY_LSUIElement = YES;
				INFOPLIST_KEY_NSHumanReadableCopyright = "";
				LD_RUNPATH_SEARCH_PATHS = (
					"$(inherited)",
					"@executable_path/../Frameworks",
				);
				MARKETING_VERSION = 1.0;
				PRODUCT_BUNDLE_IDENTIFIER = tim.PingBar;
				PRODUCT_NAME = "$(TARGET_NAME)";
				REGISTER_APP_GROUPS = YES;
				SWIFT_EMIT_LOC_STRINGS = YES;
				SWIFT_VERSION = 5.0;
			};
			name = Debug;
		};
		B3020CC92E7331CC007F4FDA /* Release */ = {
			isa = XCBuildConfiguration;
			buildSettings = {
				ASSETCATALOG_COMPILER_APPICON_NAME = AppIcon;
				ASSETCATALOG_COMPILER_GLOBAL_ACCENT_COLOR_NAME = AccentColor;
				CODE_SIGN_ENTITLEMENTS = PingBar/PingBar.entitlements;
				CODE_SIGN_STYLE = Automatic;
				COMBINE_HIDPI_IMAGES = YES;
				CURRENT_PROJECT_VERSION = 1;
				ENABLE_PREVIEWS = YES;
				GENERATE_INFOPLIST_FILE = YES;
				INFOPLIST_FILE = PingBar/Info.plist;
				INFOPLIST_KEY_CFBundleDisplayName = PingBar;
				INFOPLIST_KEY_LSApplicationCategoryType = "public.app-category.utilities";
				INFOPLIST_KEY_LSUIElement = YES;
				INFOPLIST_KEY_NSHumanReadableCopyright = "";
				LD_RUNPATH_SEARCH_PATHS = (
					"$(inherited)",
					"@executable_path/../Frameworks",
				);
				MARKETING_VERSION = 1.0;
				PRODUCT_BUNDLE_IDENTIFIER = tim.PingBar;
				PRODUCT_NAME = "$(TARGET_NAME)";
				REGISTER_APP_GROUPS = YES;
				SWIFT_EMIT_LOC_STRINGS = YES;
				SWIFT_VERSION = 5.0;
			};
			name = Release;
		};
		B3020CCB2E7331CC007F4FDA /* Debug */ = {
			isa = XCBuildConfiguration;
			buildSettings = {
				BUNDLE_LOADER = "$(TEST_HOST)";
				CODE_SIGN_STYLE = Automatic;
				CURRENT_PROJECT_VERSION = 1;
				GENERATE_INFOPLIST_FILE = YES;
				MACOSX_DEPLOYMENT_TARGET = 15.4;
				MARKETING_VERSION = 1.0;
				PRODUCT_BUNDLE_IDENTIFIER = tim.PingBarTests;
				PRODUCT_NAME = "$(TARGET_NAME)";
				SWIFT_EMIT_LOC_STRINGS = NO;
				SWIFT_VERSION = 5.0;
				TEST_HOST = "$(BUILT_PRODUCTS_DIR)/PingBar.app/$(BUNDLE_EXECUTABLE_FOLDER_PATH)/PingBar";
			};
			name = Debug;
		};
		B3020CCC2E7331CC007F4FDA /* Release */ = {
			isa = XCBuildConfiguration;
			buildSettings = {
				BUNDLE_LOADER = "$(TEST_HOST)";
				CODE_SIGN_STYLE = Automatic;
				CURRENT_PROJECT_VERSION = 1;
				GENERATE_INFOPLIST_FILE = YES;
				MACOSX_DEPLOYMENT_TARGET = 15.4;
				MARKETING_VERSION = 1.0;
				PRODUCT_BUNDLE_IDENTIFIER = tim.PingBarTests;
				PRODUCT_NAME = "$(TARGET_NAME)";
				SWIFT_EMIT_LOC_STRINGS = NO;
				SWIFT_VERSION = 5.0;
				TEST_HOST = "$(BUILT_PRODUCTS_DIR)/PingBar.app/$(BUNDLE_EXECUTABLE_FOLDER_PATH)/PingBar";
			};
			name = Release;
		};
		B3020CCE2E7331CC007F4FDA /* Debug */ = {
			isa = XCBuildConfiguration;
			buildSettings = {
				CODE_SIGN_STYLE = Automatic;
				CURRENT_PROJECT_VERSION = 1;
				GENERATE_INFOPLIST_FILE = YES;
				MARKETING_VERSION = 1.0;
				PRODUCT_BUNDLE_IDENTIFIER = tim.PingBarUITests;
				PRODUCT_NAME = "$(TARGET_NAME)";
				SWIFT_EMIT_LOC_STRINGS = NO;
				SWIFT_VERSION = 5.0;
				TEST_TARGET_NAME = PingBar;
			};
			name = Debug;
		};
		B3020CCF2E7331CC007F4FDA /* Release */ = {
			isa = XCBuildConfiguration;
			buildSettings = {
				CODE_SIGN_STYLE = Automatic;
				CURRENT_PROJECT_VERSION = 1;
				GENERATE_INFOPLIST_FILE = YES;
				MARKETING_VERSION = 1.0;
				PRODUCT_BUNDLE_IDENTIFIER = tim.PingBarUITests;
				PRODUCT_NAME = "$(TARGET_NAME)";
				SWIFT_EMIT_LOC_STRINGS = NO;
				SWIFT_VERSION = 5.0;
				TEST_TARGET_NAME = PingBar;
			};
			name = Release;
		};
/* End XCBuildConfiguration section */

/* Begin XCConfigurationList section */
		B3020CA02E7331CB007F4FDA /* Build configuration list for PBXProject "PingBar" */ = {
			isa = XCConfigurationList;
			buildConfigurations = (
				B3020CC52E7331CC007F4FDA /* Debug */,
				B3020CC62E7331CC007F4FDA /* Release */,
			);
			defaultConfigurationIsVisible = 0;
			defaultConfigurationName = Release;
		};
		B3020CC72E7331CC007F4FDA /* Build configuration list for PBXNativeTarget "PingBar" */ = {
			isa = XCConfigurationList;
			buildConfigurations = (
				B3020CC82E7331CC007F4FDA /* Debug */,
				B3020CC92E7331CC007F4FDA /* Release */,
			);
			defaultConfigurationIsVisible = 0;
			defaultConfigurationName = Release;
		};
		B3020CCA2E7331CC007F4FDA /* Build configuration list for PBXNativeTarget "PingBarTests" */ = {
			isa = XCConfigurationList;
			buildConfigurations = (
				B3020CCB2E7331CC007F4FDA /* Debug */,
				B3020CCC2E7331CC007F4FDA /* Release */,
			);
			defaultConfigurationIsVisible = 0;
			defaultConfigurationName = Release;
		};
		B3020CCD2E7331CC007F4FDA /* Build configuration list for PBXNativeTarget "PingBarUITests" */ = {
			isa = XCConfigurationList;
			buildConfigurations = (
				B3020CCE2E7331CC007F4FDA /* Debug */,
				B3020CCF2E7331CC007F4FDA /* Release */,
			);
			defaultConfigurationIsVisible = 0;
			defaultConfigurationName = Release;
		};
/* End XCConfigurationList section */
	};
	rootObject = B3020C9D2E7331CB007F4FDA /* Project object */;
}
